// !$*UTF8*$!
{
	archiveVersion = 1;
	classes = {
	};
	objectVersion = 50;
	objects = {

/* Begin PBXBuildFile section */
		1763772226641C3200F81230 /* LoginViewController.swift in Sources */ = {isa = PBXBuildFile; fileRef = 1763772126641C3200F81230 /* LoginViewController.swift */; };
		1763772626641C5200F81230 /* RegisterViewController.swift in Sources */ = {isa = PBXBuildFile; fileRef = 1763772526641C5200F81230 /* RegisterViewController.swift */; };
		1763772A2664284000F81230 /* UIView.swift in Sources */ = {isa = PBXBuildFile; fileRef = 176377292664284000F81230 /* UIView.swift */; };
		178BCEDF2665143800C359E0 /* FeedViewCell.swift in Sources */ = {isa = PBXBuildFile; fileRef = 178BCEDE2665143800C359E0 /* FeedViewCell.swift */; };
		178BCEE2266522A200C359E0 /* Post.swift in Sources */ = {isa = PBXBuildFile; fileRef = 178BCEE1266522A200C359E0 /* Post.swift */; };
		178BCEE52665240E00C359E0 /* Comments.swift in Sources */ = {isa = PBXBuildFile; fileRef = 178BCEE42665240E00C359E0 /* Comments.swift */; };
		178BCEE82665242E00C359E0 /* User.swift in Sources */ = {isa = PBXBuildFile; fileRef = 178BCEE72665242E00C359E0 /* User.swift */; };
		178BCEEB2665256D00C359E0 /* Constants.swift in Sources */ = {isa = PBXBuildFile; fileRef = 178BCEEA2665256D00C359E0 /* Constants.swift */; };
		179073A22663E25300497668 /* AppDelegate.swift in Sources */ = {isa = PBXBuildFile; fileRef = 179073A12663E25300497668 /* AppDelegate.swift */; };
		179073A42663E25300497668 /* SceneDelegate.swift in Sources */ = {isa = PBXBuildFile; fileRef = 179073A32663E25300497668 /* SceneDelegate.swift */; };
		179073A62663E25300497668 /* HomeViewController.swift in Sources */ = {isa = PBXBuildFile; fileRef = 179073A52663E25300497668 /* HomeViewController.swift */; };
		179073A92663E25300497668 /* Main.storyboard in Resources */ = {isa = PBXBuildFile; fileRef = 179073A72663E25300497668 /* Main.storyboard */; };
		179073AB2663E25400497668 /* Assets.xcassets in Resources */ = {isa = PBXBuildFile; fileRef = 179073AA2663E25400497668 /* Assets.xcassets */; };
		179073AE2663E25400497668 /* LaunchScreen.storyboard in Resources */ = {isa = PBXBuildFile; fileRef = 179073AC2663E25400497668 /* LaunchScreen.storyboard */; };
		179073BD2663E4CE00497668 /* SearchViewController.swift in Sources */ = {isa = PBXBuildFile; fileRef = 179073BC2663E4CE00497668 /* SearchViewController.swift */; };
		179073C12663E53100497668 /* ReelsViewController.swift in Sources */ = {isa = PBXBuildFile; fileRef = 179073C02663E53100497668 /* ReelsViewController.swift */; };
		179073C42663E5B200497668 /* ProfileViewController.swift in Sources */ = {isa = PBXBuildFile; fileRef = 179073C32663E5B200497668 /* ProfileViewController.swift */; };
		179073C72663E5C700497668 /* StoreViewController.swift in Sources */ = {isa = PBXBuildFile; fileRef = 179073C62663E5C700497668 /* StoreViewController.swift */; };
/* End PBXBuildFile section */

/* Begin PBXFileReference section */
		1763772126641C3200F81230 /* LoginViewController.swift */ = {isa = PBXFileReference; lastKnownFileType = sourcecode.swift; path = LoginViewController.swift; sourceTree = "<group>"; };
		1763772526641C5200F81230 /* RegisterViewController.swift */ = {isa = PBXFileReference; lastKnownFileType = sourcecode.swift; path = RegisterViewController.swift; sourceTree = "<group>"; };
		176377292664284000F81230 /* UIView.swift */ = {isa = PBXFileReference; lastKnownFileType = sourcecode.swift; path = UIView.swift; sourceTree = "<group>"; };
		178BCEDE2665143800C359E0 /* FeedViewCell.swift */ = {isa = PBXFileReference; lastKnownFileType = sourcecode.swift; path = FeedViewCell.swift; sourceTree = "<group>"; };
		178BCEE1266522A200C359E0 /* Post.swift */ = {isa = PBXFileReference; lastKnownFileType = sourcecode.swift; path = Post.swift; sourceTree = "<group>"; };
		178BCEE42665240E00C359E0 /* Comments.swift */ = {isa = PBXFileReference; lastKnownFileType = sourcecode.swift; path = Comments.swift; sourceTree = "<group>"; };
		178BCEE72665242E00C359E0 /* User.swift */ = {isa = PBXFileReference; lastKnownFileType = sourcecode.swift; path = User.swift; sourceTree = "<group>"; };
		178BCEEA2665256D00C359E0 /* Constants.swift */ = {isa = PBXFileReference; lastKnownFileType = sourcecode.swift; path = Constants.swift; sourceTree = "<group>"; };
		1790739E2663E25300497668 /* Instagram.app */ = {isa = PBXFileReference; explicitFileType = wrapper.application; includeInIndex = 0; path = Instagram.app; sourceTree = BUILT_PRODUCTS_DIR; };
		179073A12663E25300497668 /* AppDelegate.swift */ = {isa = PBXFileReference; lastKnownFileType = sourcecode.swift; path = AppDelegate.swift; sourceTree = "<group>"; };
		179073A32663E25300497668 /* SceneDelegate.swift */ = {isa = PBXFileReference; lastKnownFileType = sourcecode.swift; path = SceneDelegate.swift; sourceTree = "<group>"; };
		179073A52663E25300497668 /* HomeViewController.swift */ = {isa = PBXFileReference; lastKnownFileType = sourcecode.swift; path = HomeViewController.swift; sourceTree = "<group>"; };
		179073A82663E25300497668 /* Base */ = {isa = PBXFileReference; lastKnownFileType = file.storyboard; name = Base; path = Base.lproj/Main.storyboard; sourceTree = "<group>"; };
		179073AA2663E25400497668 /* Assets.xcassets */ = {isa = PBXFileReference; lastKnownFileType = folder.assetcatalog; path = Assets.xcassets; sourceTree = "<group>"; };
		179073AD2663E25400497668 /* Base */ = {isa = PBXFileReference; lastKnownFileType = file.storyboard; name = Base; path = Base.lproj/LaunchScreen.storyboard; sourceTree = "<group>"; };
		179073AF2663E25400497668 /* Info.plist */ = {isa = PBXFileReference; lastKnownFileType = text.plist.xml; path = Info.plist; sourceTree = "<group>"; };
		179073BC2663E4CE00497668 /* SearchViewController.swift */ = {isa = PBXFileReference; lastKnownFileType = sourcecode.swift; path = SearchViewController.swift; sourceTree = "<group>"; };
		179073C02663E53100497668 /* ReelsViewController.swift */ = {isa = PBXFileReference; lastKnownFileType = sourcecode.swift; path = ReelsViewController.swift; sourceTree = "<group>"; };
		179073C32663E5B200497668 /* ProfileViewController.swift */ = {isa = PBXFileReference; lastKnownFileType = sourcecode.swift; path = ProfileViewController.swift; sourceTree = "<group>"; };
		179073C62663E5C700497668 /* StoreViewController.swift */ = {isa = PBXFileReference; lastKnownFileType = sourcecode.swift; path = StoreViewController.swift; sourceTree = "<group>"; };
/* End PBXFileReference section */

/* Begin PBXFrameworksBuildPhase section */
		1790739B2663E25300497668 /* Frameworks */ = {
			isa = PBXFrameworksBuildPhase;
			buildActionMask = 2147483647;
			files = (
			);
			runOnlyForDeploymentPostprocessing = 0;
		};
/* End PBXFrameworksBuildPhase section */

/* Begin PBXGroup section */
		1763772026641C1700F81230 /* Auth */ = {
			isa = PBXGroup;
			children = (
				1763772126641C3200F81230 /* LoginViewController.swift */,
				1763772526641C5200F81230 /* RegisterViewController.swift */,
			);
			path = Auth;
			sourceTree = "<group>";
		};
		176377282664282200F81230 /* Extensions */ = {
			isa = PBXGroup;
			children = (
				176377292664284000F81230 /* UIView.swift */,
			);
			path = Extensions;
			sourceTree = "<group>";
		};
		179073952663E25300497668 = {
			isa = PBXGroup;
			children = (
				179073A02663E25300497668 /* Instagram */,
				1790739F2663E25300497668 /* Products */,
			);
			sourceTree = "<group>";
		};
		1790739F2663E25300497668 /* Products */ = {
			isa = PBXGroup;
			children = (
				1790739E2663E25300497668 /* Instagram.app */,
			);
			name = Products;
			sourceTree = "<group>";
		};
		179073A02663E25300497668 /* Instagram */ = {
			isa = PBXGroup;
			children = (
				176377282664282200F81230 /* Extensions */,
				179073B92663E3AB00497668 /* Resources */,
				179073B82663E28E00497668 /* Models */,
				179073B72663E28600497668 /* Controllers */,
				179073B62663E28000497668 /* Views */,
				179073AF2663E25400497668 /* Info.plist */,
			);
			path = Instagram;
			sourceTree = "<group>";
		};
		179073B62663E28000497668 /* Views */ = {
			isa = PBXGroup;
			children = (
				179073BA2663E3D500497668 /* Storyboards */,
				179073AA2663E25400497668 /* Assets.xcassets */,
				178BCEDE2665143800C359E0 /* FeedViewCell.swift */,
			);
			path = Views;
			sourceTree = "<group>";
		};
		179073B72663E28600497668 /* Controllers */ = {
			isa = PBXGroup;
			children = (
				1763772026641C1700F81230 /* Auth */,
				179073BF2663E50C00497668 /* Core Tabs */,
			);
			path = Controllers;
			sourceTree = "<group>";
		};
		179073B82663E28E00497668 /* Models */ = {
			isa = PBXGroup;
			children = (
				178BCEE1266522A200C359E0 /* Post.swift */,
				178BCEE42665240E00C359E0 /* Comments.swift */,
				178BCEE72665242E00C359E0 /* User.swift */,
			);
			path = Models;
			sourceTree = "<group>";
		};
		179073B92663E3AB00497668 /* Resources */ = {
			isa = PBXGroup;
			children = (
				179073A12663E25300497668 /* AppDelegate.swift */,
				179073A32663E25300497668 /* SceneDelegate.swift */,
				178BCEEA2665256D00C359E0 /* Constants.swift */,
			);
			path = Resources;
			sourceTree = "<group>";
		};
		179073BA2663E3D500497668 /* Storyboards */ = {
			isa = PBXGroup;
			children = (
				179073A72663E25300497668 /* Main.storyboard */,
				179073AC2663E25400497668 /* LaunchScreen.storyboard */,
			);
			path = Storyboards;
			sourceTree = "<group>";
		};
		179073BF2663E50C00497668 /* Core Tabs */ = {
			isa = PBXGroup;
			children = (
				179073A52663E25300497668 /* HomeViewController.swift */,
				179073BC2663E4CE00497668 /* SearchViewController.swift */,
				179073C02663E53100497668 /* ReelsViewController.swift */,
				179073C32663E5B200497668 /* ProfileViewController.swift */,
				179073C62663E5C700497668 /* StoreViewController.swift */,
			);
			path = "Core Tabs";
			sourceTree = "<group>";
		};
/* End PBXGroup section */

/* Begin PBXNativeTarget section */
		1790739D2663E25300497668 /* Instagram */ = {
			isa = PBXNativeTarget;
			buildConfigurationList = 179073B22663E25400497668 /* Build configuration list for PBXNativeTarget "Instagram" */;
			buildPhases = (
				1790739A2663E25300497668 /* Sources */,
				1790739B2663E25300497668 /* Frameworks */,
				1790739C2663E25300497668 /* Resources */,
			);
			buildRules = (
			);
			dependencies = (
			);
			name = Instagram;
			productName = Instagram;
			productReference = 1790739E2663E25300497668 /* Instagram.app */;
			productType = "com.apple.product-type.application";
		};
/* End PBXNativeTarget section */

/* Begin PBXProject section */
		179073962663E25300497668 /* Project object */ = {
			isa = PBXProject;
			attributes = {
				LastSwiftUpdateCheck = 1240;
				LastUpgradeCheck = 1240;
				TargetAttributes = {
					1790739D2663E25300497668 = {
						CreatedOnToolsVersion = 12.4;
					};
				};
			};
			buildConfigurationList = 179073992663E25300497668 /* Build configuration list for PBXProject "Instagram" */;
			compatibilityVersion = "Xcode 9.3";
			developmentRegion = en;
			hasScannedForEncodings = 0;
			knownRegions = (
				en,
				Base,
			);
			mainGroup = 179073952663E25300497668;
			productRefGroup = 1790739F2663E25300497668 /* Products */;
			projectDirPath = "";
			projectRoot = "";
			targets = (
				1790739D2663E25300497668 /* Instagram */,
			);
		};
/* End PBXProject section */

/* Begin PBXResourcesBuildPhase section */
		1790739C2663E25300497668 /* Resources */ = {
			isa = PBXResourcesBuildPhase;
			buildActionMask = 2147483647;
			files = (
				179073AE2663E25400497668 /* LaunchScreen.storyboard in Resources */,
				179073AB2663E25400497668 /* Assets.xcassets in Resources */,
				179073A92663E25300497668 /* Main.storyboard in Resources */,
			);
			runOnlyForDeploymentPostprocessing = 0;
		};
/* End PBXResourcesBuildPhase section */

/* Begin PBXSourcesBuildPhase section */
		1790739A2663E25300497668 /* Sources */ = {
			isa = PBXSourcesBuildPhase;
			buildActionMask = 2147483647;
			files = (
				1763772A2664284000F81230 /* UIView.swift in Sources */,
				1763772626641C5200F81230 /* RegisterViewController.swift in Sources */,
				178BCEDF2665143800C359E0 /* FeedViewCell.swift in Sources */,
				178BCEE2266522A200C359E0 /* Post.swift in Sources */,
				179073C42663E5B200497668 /* ProfileViewController.swift in Sources */,
				178BCEEB2665256D00C359E0 /* Constants.swift in Sources */,
				178BCEE52665240E00C359E0 /* Comments.swift in Sources */,
				178BCEE82665242E00C359E0 /* User.swift in Sources */,
				179073BD2663E4CE00497668 /* SearchViewController.swift in Sources */,
				179073C12663E53100497668 /* ReelsViewController.swift in Sources */,
				179073A62663E25300497668 /* HomeViewController.swift in Sources */,
				1763772226641C3200F81230 /* LoginViewController.swift in Sources */,
				179073A22663E25300497668 /* AppDelegate.swift in Sources */,
				179073C72663E5C700497668 /* StoreViewController.swift in Sources */,
				179073A42663E25300497668 /* SceneDelegate.swift in Sources */,
			);
			runOnlyForDeploymentPostprocessing = 0;
		};
/* End PBXSourcesBuildPhase section */

/* Begin PBXVariantGroup section */
		179073A72663E25300497668 /* Main.storyboard */ = {
			isa = PBXVariantGroup;
			children = (
				179073A82663E25300497668 /* Base */,
			);
			name = Main.storyboard;
			sourceTree = "<group>";
		};
		179073AC2663E25400497668 /* LaunchScreen.storyboard */ = {
			isa = PBXVariantGroup;
			children = (
				179073AD2663E25400497668 /* Base */,
			);
			name = LaunchScreen.storyboard;
			sourceTree = "<group>";
		};
/* End PBXVariantGroup section */

/* Begin XCBuildConfiguration section */
		179073B02663E25400497668 /* Debug */ = {
			isa = XCBuildConfiguration;
			buildSettings = {
				ALWAYS_SEARCH_USER_PATHS = NO;
				CLANG_ANALYZER_NONNULL = YES;
				CLANG_ANALYZER_NUMBER_OBJECT_CONVERSION = YES_AGGRESSIVE;
				CLANG_CXX_LANGUAGE_STANDARD = "gnu++14";
				CLANG_CXX_LIBRARY = "libc++";
				CLANG_ENABLE_MODULES = YES;
				CLANG_ENABLE_OBJC_ARC = YES;
				CLANG_ENABLE_OBJC_WEAK = YES;
				CLANG_WARN_BLOCK_CAPTURE_AUTORELEASING = YES;
				CLANG_WARN_BOOL_CONVERSION = YES;
				CLANG_WARN_COMMA = YES;
				CLANG_WARN_CONSTANT_CONVERSION = YES;
				CLANG_WARN_DEPRECATED_OBJC_IMPLEMENTATIONS = YES;
				CLANG_WARN_DIRECT_OBJC_ISA_USAGE = YES_ERROR;
				CLANG_WARN_DOCUMENTATION_COMMENTS = YES;
				CLANG_WARN_EMPTY_BODY = YES;
				CLANG_WARN_ENUM_CONVERSION = YES;
				CLANG_WARN_INFINITE_RECURSION = YES;
				CLANG_WARN_INT_CONVERSION = YES;
				CLANG_WARN_NON_LITERAL_NULL_CONVERSION = YES;
				CLANG_WARN_OBJC_IMPLICIT_RETAIN_SELF = YES;
				CLANG_WARN_OBJC_LITERAL_CONVERSION = YES;
				CLANG_WARN_OBJC_ROOT_CLASS = YES_ERROR;
				CLANG_WARN_QUOTED_INCLUDE_IN_FRAMEWORK_HEADER = YES;
				CLANG_WARN_RANGE_LOOP_ANALYSIS = YES;
				CLANG_WARN_STRICT_PROTOTYPES = YES;
				CLANG_WARN_SUSPICIOUS_MOVE = YES;
				CLANG_WARN_UNGUARDED_AVAILABILITY = YES_AGGRESSIVE;
				CLANG_WARN_UNREACHABLE_CODE = YES;
				CLANG_WARN__DUPLICATE_METHOD_MATCH = YES;
				COPY_PHASE_STRIP = NO;
				DEBUG_INFORMATION_FORMAT = dwarf;
				ENABLE_STRICT_OBJC_MSGSEND = YES;
				ENABLE_TESTABILITY = YES;
				GCC_C_LANGUAGE_STANDARD = gnu11;
				GCC_DYNAMIC_NO_PIC = NO;
				GCC_NO_COMMON_BLOCKS = YES;
				GCC_OPTIMIZATION_LEVEL = 0;
				GCC_PREPROCESSOR_DEFINITIONS = (
					"DEBUG=1",
					"$(inherited)",
				);
				GCC_WARN_64_TO_32_BIT_CONVERSION = YES;
				GCC_WARN_ABOUT_RETURN_TYPE = YES_ERROR;
				GCC_WARN_UNDECLARED_SELECTOR = YES;
				GCC_WARN_UNINITIALIZED_AUTOS = YES_AGGRESSIVE;
				GCC_WARN_UNUSED_FUNCTION = YES;
				GCC_WARN_UNUSED_VARIABLE = YES;
				IPHONEOS_DEPLOYMENT_TARGET = 14.4;
				MTL_ENABLE_DEBUG_INFO = INCLUDE_SOURCE;
				MTL_FAST_MATH = YES;
				ONLY_ACTIVE_ARCH = YES;
				SDKROOT = iphoneos;
				SWIFT_ACTIVE_COMPILATION_CONDITIONS = DEBUG;
				SWIFT_OPTIMIZATION_LEVEL = "-Onone";
			};
			name = Debug;
		};
		179073B12663E25400497668 /* Release */ = {
			isa = XCBuildConfiguration;
			buildSettings = {
				ALWAYS_SEARCH_USER_PATHS = NO;
				CLANG_ANALYZER_NONNULL = YES;
				CLANG_ANALYZER_NUMBER_OBJECT_CONVERSION = YES_AGGRESSIVE;
				CLANG_CXX_LANGUAGE_STANDARD = "gnu++14";
				CLANG_CXX_LIBRARY = "libc++";
				CLANG_ENABLE_MODULES = YES;
				CLANG_ENABLE_OBJC_ARC = YES;
				CLANG_ENABLE_OBJC_WEAK = YES;
				CLANG_WARN_BLOCK_CAPTURE_AUTORELEASING = YES;
				CLANG_WARN_BOOL_CONVERSION = YES;
				CLANG_WARN_COMMA = YES;
				CLANG_WARN_CONSTANT_CONVERSION = YES;
				CLANG_WARN_DEPRECATED_OBJC_IMPLEMENTATIONS = YES;
				CLANG_WARN_DIRECT_OBJC_ISA_USAGE = YES_ERROR;
				CLANG_WARN_DOCUMENTATION_COMMENTS = YES;
				CLANG_WARN_EMPTY_BODY = YES;
				CLANG_WARN_ENUM_CONVERSION = YES;
				CLANG_WARN_INFINITE_RECURSION = YES;
				CLANG_WARN_INT_CONVERSION = YES;
				CLANG_WARN_NON_LITERAL_NULL_CONVERSION = YES;
				CLANG_WARN_OBJC_IMPLICIT_RETAIN_SELF = YES;
				CLANG_WARN_OBJC_LITERAL_CONVERSION = YES;
				CLANG_WARN_OBJC_ROOT_CLASS = YES_ERROR;
				CLANG_WARN_QUOTED_INCLUDE_IN_FRAMEWORK_HEADER = YES;
				CLANG_WARN_RANGE_LOOP_ANALYSIS = YES;
				CLANG_WARN_STRICT_PROTOTYPES = YES;
				CLANG_WARN_SUSPICIOUS_MOVE = YES;
				CLANG_WARN_UNGUARDED_AVAILABILITY = YES_AGGRESSIVE;
				CLANG_WARN_UNREACHABLE_CODE = YES;
				CLANG_WARN__DUPLICATE_METHOD_MATCH = YES;
				COPY_PHASE_STRIP = NO;
				DEBUG_INFORMATION_FORMAT = "dwarf-with-dsym";
				ENABLE_NS_ASSERTIONS = NO;
				ENABLE_STRICT_OBJC_MSGSEND = YES;
				GCC_C_LANGUAGE_STANDARD = gnu11;
				GCC_NO_COMMON_BLOCKS = YES;
				GCC_WARN_64_TO_32_BIT_CONVERSION = YES;
				GCC_WARN_ABOUT_RETURN_TYPE = YES_ERROR;
				GCC_WARN_UNDECLARED_SELECTOR = YES;
				GCC_WARN_UNINITIALIZED_AUTOS = YES_AGGRESSIVE;
				GCC_WARN_UNUSED_FUNCTION = YES;
				GCC_WARN_UNUSED_VARIABLE = YES;
				IPHONEOS_DEPLOYMENT_TARGET = 14.4;
				MTL_ENABLE_DEBUG_INFO = NO;
				MTL_FAST_MATH = YES;
				SDKROOT = iphoneos;
				SWIFT_COMPILATION_MODE = wholemodule;
				SWIFT_OPTIMIZATION_LEVEL = "-O";
				VALIDATE_PRODUCT = YES;
			};
			name = Release;
		};
		179073B32663E25400497668 /* Debug */ = {
			isa = XCBuildConfiguration;
			buildSettings = {
				ASSETCATALOG_COMPILER_APPICON_NAME = AppIcon;
				ASSETCATALOG_COMPILER_GLOBAL_ACCENT_COLOR_NAME = AccentColor;
				CODE_SIGN_STYLE = Automatic;
				INFOPLIST_FILE = Instagram/Info.plist;
				LD_RUNPATH_SEARCH_PATHS = (
					"$(inherited)",
					"@executable_path/Frameworks",
				);
				PRODUCT_BUNDLE_IDENTIFIER = UIClone.Instagram;
				PRODUCT_NAME = "$(TARGET_NAME)";
				SWIFT_VERSION = 5.0;
				TARGETED_DEVICE_FAMILY = "1,2";
			};
			name = Debug;
		};
		179073B42663E25400497668 /* Release */ = {
			isa = XCBuildConfiguration;
			buildSettings = {
				ASSETCATALOG_COMPILER_APPICON_NAME = AppIcon;
				ASSETCATALOG_COMPILER_GLOBAL_ACCENT_COLOR_NAME = AccentColor;
				CODE_SIGN_STYLE = Automatic;
				INFOPLIST_FILE = Instagram/Info.plist;
				LD_RUNPATH_SEARCH_PATHS = (
					"$(inherited)",
					"@executable_path/Frameworks",
				);
				PRODUCT_BUNDLE_IDENTIFIER = UIClone.Instagram;
				PRODUCT_NAME = "$(TARGET_NAME)";
				SWIFT_VERSION = 5.0;
				TARGETED_DEVICE_FAMILY = "1,2";
			};
			name = Release;
		};
/* End XCBuildConfiguration section */

/* Begin XCConfigurationList section */
		179073992663E25300497668 /* Build configuration list for PBXProject "Instagram" */ = {
			isa = XCConfigurationList;
			buildConfigurations = (
				179073B02663E25400497668 /* Debug */,
				179073B12663E25400497668 /* Release */,
			);
			defaultConfigurationIsVisible = 0;
			defaultConfigurationName = Release;
		};
		179073B22663E25400497668 /* Build configuration list for PBXNativeTarget "Instagram" */ = {
			isa = XCConfigurationList;
			buildConfigurations = (
				179073B32663E25400497668 /* Debug */,
				179073B42663E25400497668 /* Release */,
			);
			defaultConfigurationIsVisible = 0;
			defaultConfigurationName = Release;
		};
/* End XCConfigurationList section */
	};
	rootObject = 179073962663E25300497668 /* Project object */;
}
